
Microsoft Visual Studio Solution File, Format Version 12.00
# Visual Studio Version 17
VisualStudioVersion = 17.14.35906.104 d17.14
MinimumVisualStudioVersion = 10.0.40219.1
Project("{FAE04EC0-301F-11D3-BF4B-00C04F79EFBC}") = "GUI_QuanLyCuaHang", "GUI_QuanLyCuaHang\GUI_QuanLyCuaHang.csproj", "{F7879156-D942-415A-89A8-F785B454D241}"
EndProject
Project("{FAE04EC0-301F-11D3-BF4B-00C04F79EFBC}") = "BLL_QuanLyCuaHang", "BLL_QuanLyCuaHang\BLL_QuanLyCuaHang.csproj", "{76C93E6C-9ACC-41B0-8033-B39D5426AE69}"
EndProject
Project("{FAE04EC0-301F-11D3-BF4B-00C04F79EFBC}") = "DAL_QuanLyCuaHang", "DAL_QuanLyCuaHang\DAL_QuanLyCuaHang.csproj", "{D2DB59C1-73AD-4451-A695-91776B1718B0}"
EndProject
Project("{FAE04EC0-301F-11D3-BF4B-00C04F79EFBC}") = "DTO_QuanLyCuaHang", "DTO_QuanLyCuaHang\DTO_QuanLyCuaHang.csproj", "{F29BBDAA-4CBA-4C4B-9244-6619145CB499}"
EndProject
Project("{FAE04EC0-301F-11D3-BF4B-00C04F79EFBC}") = "UTIL_QuanLyCuaHang", "UTIL_QuanLyCuaHang\UTIL_QuanLyCuaHang.csproj", "{89D6A664-2A01-4ADD-9E31-9F1F3AE0A73A}"
EndProject
Global
	GlobalSection(SolutionConfigurationPlatforms) = preSolution
		Debug|Any CPU = Debug|Any CPU
		Release|Any CPU = Release|Any CPU
	EndGlobalSection
	GlobalSection(ProjectConfigurationPlatforms) = postSolution
		{F7879156-D942-415A-89A8-F785B454D241}.Debug|Any CPU.ActiveCfg = Debug|Any CPU
		{F7879156-D942-415A-89A8-F785B454D241}.Debug|Any CPU.Build.0 = Debug|Any CPU
		{F7879156-D942-415A-89A8-F785B454D241}.Release|Any CPU.ActiveCfg = Release|Any CPU
		{F7879156-D942-415A-89A8-F785B454D241}.Release|Any CPU.Build.0 = Release|Any CPU
		{76C93E6C-9ACC-41B0-8033-B39D5426AE69}.Debug|Any CPU.ActiveCfg = Debug|Any CPU
		{76C93E6C-9ACC-41B0-8033-B39D5426AE69}.Debug|Any CPU.Build.0 = Debug|Any CPU
		{76C93E6C-9ACC-41B0-8033-B39D5426AE69}.Release|Any CPU.ActiveCfg = Release|Any CPU
		{76C93E6C-9ACC-41B0-8033-B39D5426AE69}.Release|Any CPU.Build.0 = Release|Any CPU
		{D2DB59C1-73AD-4451-A695-91776B1718B0}.Debug|Any CPU.ActiveCfg = Debug|Any CPU
		{D2DB59C1-73AD-4451-A695-91776B1718B0}.Debug|Any CPU.Build.0 = Debug|Any CPU
		{D2DB59C1-73AD-4451-A695-91776B1718B0}.Release|Any CPU.ActiveCfg = Release|Any CPU
		{D2DB59C1-73AD-4451-A695-91776B1718B0}.Release|Any CPU.Build.0 = Release|Any CPU
		{F29BBDAA-4CBA-4C4B-9244-6619145CB499}.Debug|Any CPU.ActiveCfg = Debug|Any CPU
		{F29BBDAA-4CBA-4C4B-9244-6619145CB499}.Debug|Any CPU.Build.0 = Debug|Any CPU
		{F29BBDAA-4CBA-4C4B-9244-6619145CB499}.Release|Any CPU.ActiveCfg = Release|Any CPU
		{F29BBDAA-4CBA-4C4B-9244-6619145CB499}.Release|Any CPU.Build.0 = Release|Any CPU
		{89D6A664-2A01-4ADD-9E31-9F1F3AE0A73A}.Debug|Any CPU.ActiveCfg = Debug|Any CPU
		{89D6A664-2A01-4ADD-9E31-9F1F3AE0A73A}.Debug|Any CPU.Build.0 = Debug|Any CPU
		{89D6A664-2A01-4ADD-9E31-9F1F3AE0A73A}.Release|Any CPU.ActiveCfg = Release|Any CPU
		{89D6A664-2A01-4ADD-9E31-9F1F3AE0A73A}.Release|Any CPU.Build.0 = Release|Any CPU
	EndGlobalSection
	GlobalSection(SolutionProperties) = preSolution
		HideSolutionNode = FALSE
	EndGlobalSection
	GlobalSection(ExtensibilityGlobals) = postSolution
		SolutionGuid = {9CC478B0-6697-42E8-9F84-67CD8FEC2FB4}
	EndGlobalSection
EndGlobal
